// !$*UTF8*$!
{
	archiveVersion = 1;
	classes = {
	};
	objectVersion = 48;
	objects = {

/* Begin PBXBuildFile section */
		C1DDEBAE74903455CB5391E0 /* Pods_AppLaunch_Poll.framework in Frameworks */ = {isa = PBXBuildFile; fileRef = 940B6987BB51A4554E7F2201 /* Pods_AppLaunch_Poll.framework */; };
		C7D8905E201F30F5003FC102 /* AppDelegate.swift in Sources */ = {isa = PBXBuildFile; fileRef = C7D8905D201F30F5003FC102 /* AppDelegate.swift */; };
		C7D89060201F30F5003FC102 /* ViewController.swift in Sources */ = {isa = PBXBuildFile; fileRef = C7D8905F201F30F5003FC102 /* ViewController.swift */; };
		C7D89063201F30F5003FC102 /* Main.storyboard in Resources */ = {isa = PBXBuildFile; fileRef = C7D89061201F30F5003FC102 /* Main.storyboard */; };
		C7D89065201F30F5003FC102 /* Assets.xcassets in Resources */ = {isa = PBXBuildFile; fileRef = C7D89064201F30F5003FC102 /* Assets.xcassets */; };
		C7D89068201F30F5003FC102 /* LaunchScreen.storyboard in Resources */ = {isa = PBXBuildFile; fileRef = C7D89066201F30F5003FC102 /* LaunchScreen.storyboard */; };
/* End PBXBuildFile section */

/* Begin PBXFileReference section */
		31B6473F6DA5943380E4FD3C /* Pods-AppLaunch Poll.debug.xcconfig */ = {isa = PBXFileReference; includeInIndex = 1; lastKnownFileType = text.xcconfig; name = "Pods-AppLaunch Poll.debug.xcconfig"; path = "Pods/Target Support Files/Pods-AppLaunch Poll/Pods-AppLaunch Poll.debug.xcconfig"; sourceTree = "<group>"; };
		6AA7DB8666C1B23B80C07DDB /* Pods-AppLaunch Poll.release.xcconfig */ = {isa = PBXFileReference; includeInIndex = 1; lastKnownFileType = text.xcconfig; name = "Pods-AppLaunch Poll.release.xcconfig"; path = "Pods/Target Support Files/Pods-AppLaunch Poll/Pods-AppLaunch Poll.release.xcconfig"; sourceTree = "<group>"; };
		940B6987BB51A4554E7F2201 /* Pods_AppLaunch_Poll.framework */ = {isa = PBXFileReference; explicitFileType = wrapper.framework; includeInIndex = 0; path = Pods_AppLaunch_Poll.framework; sourceTree = BUILT_PRODUCTS_DIR; };
		C7D8905A201F30F5003FC102 /* AppLaunch Poll.app */ = {isa = PBXFileReference; explicitFileType = wrapper.application; includeInIndex = 0; path = "AppLaunch Poll.app"; sourceTree = BUILT_PRODUCTS_DIR; };
		C7D8905D201F30F5003FC102 /* AppDelegate.swift */ = {isa = PBXFileReference; lastKnownFileType = sourcecode.swift; path = AppDelegate.swift; sourceTree = "<group>"; };
		C7D8905F201F30F5003FC102 /* ViewController.swift */ = {isa = PBXFileReference; lastKnownFileType = sourcecode.swift; path = ViewController.swift; sourceTree = "<group>"; };
		C7D89062201F30F5003FC102 /* Base */ = {isa = PBXFileReference; lastKnownFileType = file.storyboard; name = Base; path = Base.lproj/Main.storyboard; sourceTree = "<group>"; };
		C7D89064201F30F5003FC102 /* Assets.xcassets */ = {isa = PBXFileReference; lastKnownFileType = folder.assetcatalog; path = Assets.xcassets; sourceTree = "<group>"; };
		C7D89067201F30F5003FC102 /* Base */ = {isa = PBXFileReference; lastKnownFileType = file.storyboard; name = Base; path = Base.lproj/LaunchScreen.storyboard; sourceTree = "<group>"; };
		C7D89069201F30F5003FC102 /* Info.plist */ = {isa = PBXFileReference; lastKnownFileType = text.plist.xml; path = Info.plist; sourceTree = "<group>"; };
/* End PBXFileReference section */

/* Begin PBXFrameworksBuildPhase section */
		C7D89057201F30F5003FC102 /* Frameworks */ = {
			isa = PBXFrameworksBuildPhase;
			buildActionMask = 2147483647;
			files = (
				C1DDEBAE74903455CB5391E0 /* Pods_AppLaunch_Poll.framework in Frameworks */,
			);
			runOnlyForDeploymentPostprocessing = 0;
		};
/* End PBXFrameworksBuildPhase section */

/* Begin PBXGroup section */
		1AFD08B0ADBC6E73B4CC0BA1 /* Frameworks */ = {
			isa = PBXGroup;
			children = (
				940B6987BB51A4554E7F2201 /* Pods_AppLaunch_Poll.framework */,
			);
			name = Frameworks;
			sourceTree = "<group>";
		};
		C7D89051201F30F5003FC102 = {
			isa = PBXGroup;
			children = (
				C7D8905C201F30F5003FC102 /* AppLaunch Poll */,
				C7D8905B201F30F5003FC102 /* Products */,
				E14BE42701368B1EF88D49DF /* Pods */,
				1AFD08B0ADBC6E73B4CC0BA1 /* Frameworks */,
			);
			sourceTree = "<group>";
		};
		C7D8905B201F30F5003FC102 /* Products */ = {
			isa = PBXGroup;
			children = (
				C7D8905A201F30F5003FC102 /* AppLaunch Poll.app */,
			);
			name = Products;
			sourceTree = "<group>";
		};
		C7D8905C201F30F5003FC102 /* AppLaunch Poll */ = {
			isa = PBXGroup;
			children = (
				C7D8905D201F30F5003FC102 /* AppDelegate.swift */,
				C7D8905F201F30F5003FC102 /* ViewController.swift */,
				C7D89061201F30F5003FC102 /* Main.storyboard */,
				C7D89064201F30F5003FC102 /* Assets.xcassets */,
				C7D89066201F30F5003FC102 /* LaunchScreen.storyboard */,
				C7D89069201F30F5003FC102 /* Info.plist */,
			);
			path = "AppLaunch Poll";
			sourceTree = "<group>";
		};
		E14BE42701368B1EF88D49DF /* Pods */ = {
			isa = PBXGroup;
			children = (
				31B6473F6DA5943380E4FD3C /* Pods-AppLaunch Poll.debug.xcconfig */,
				6AA7DB8666C1B23B80C07DDB /* Pods-AppLaunch Poll.release.xcconfig */,
			);
			name = Pods;
			sourceTree = "<group>";
		};
/* End PBXGroup section */

/* Begin PBXNativeTarget section */
		C7D89059201F30F5003FC102 /* AppLaunch Poll */ = {
			isa = PBXNativeTarget;
			buildConfigurationList = C7D8906C201F30F5003FC102 /* Build configuration list for PBXNativeTarget "AppLaunch Poll" */;
			buildPhases = (
				F72FD1FCB4FAAA9E4B2E86D1 /* [CP] Check Pods Manifest.lock */,
				C7D89056201F30F5003FC102 /* Sources */,
				C7D89057201F30F5003FC102 /* Frameworks */,
				C7D89058201F30F5003FC102 /* Resources */,
				4EECB531E8CC5EDC6E27AF14 /* [CP] Embed Pods Frameworks */,
				8C2F30DAB90D10E6BBD6F0D3 /* [CP] Copy Pods Resources */,
			);
			buildRules = (
			);
			dependencies = (
			);
			name = "AppLaunch Poll";
			productName = "AppLaunch Poll";
			productReference = C7D8905A201F30F5003FC102 /* AppLaunch Poll.app */;
			productType = "com.apple.product-type.application";
		};
/* End PBXNativeTarget section */

/* Begin PBXProject section */
		C7D89052201F30F5003FC102 /* Project object */ = {
			isa = PBXProject;
			attributes = {
				LastSwiftUpdateCheck = 0920;
				LastUpgradeCheck = 0920;
				ORGANIZATIONNAME = "Vittal Pai";
				TargetAttributes = {
					C7D89059201F30F5003FC102 = {
						CreatedOnToolsVersion = 9.2;
						ProvisioningStyle = Automatic;
					};
				};
			};
			buildConfigurationList = C7D89055201F30F5003FC102 /* Build configuration list for PBXProject "AppLaunch Poll" */;
			compatibilityVersion = "Xcode 8.0";
			developmentRegion = en;
			hasScannedForEncodings = 0;
			knownRegions = (
				en,
				Base,
			);
			mainGroup = C7D89051201F30F5003FC102;
			productRefGroup = C7D8905B201F30F5003FC102 /* Products */;
			projectDirPath = "";
			projectRoot = "";
			targets = (
				C7D89059201F30F5003FC102 /* AppLaunch Poll */,
			);
		};
/* End PBXProject section */

/* Begin PBXResourcesBuildPhase section */
		C7D89058201F30F5003FC102 /* Resources */ = {
			isa = PBXResourcesBuildPhase;
			buildActionMask = 2147483647;
			files = (
				C7D89068201F30F5003FC102 /* LaunchScreen.storyboard in Resources */,
				C7D89065201F30F5003FC102 /* Assets.xcassets in Resources */,
				C7D89063201F30F5003FC102 /* Main.storyboard in Resources */,
			);
			runOnlyForDeploymentPostprocessing = 0;
		};
/* End PBXResourcesBuildPhase section */

/* Begin PBXShellScriptBuildPhase section */
		4EECB531E8CC5EDC6E27AF14 /* [CP] Embed Pods Frameworks */ = {
			isa = PBXShellScriptBuildPhase;
			buildActionMask = 2147483647;
			files = (
			);
			inputPaths = (
				"${SRCROOT}/Pods/Target Support Files/Pods-AppLaunch Poll/Pods-AppLaunch Poll-frameworks.sh",
				"${BUILT_PRODUCTS_DIR}/BMSAnalyticsAPI/BMSAnalyticsAPI.framework",
				"${BUILT_PRODUCTS_DIR}/BMSCore/BMSCore.framework",
				"${BUILT_PRODUCTS_DIR}/IBMAppLaunch/IBMAppLaunch.framework",
				"${BUILT_PRODUCTS_DIR}/SwiftyJSON/SwiftyJSON.framework",
			);
			name = "[CP] Embed Pods Frameworks";
			outputPaths = (
				"${TARGET_BUILD_DIR}/${FRAMEWORKS_FOLDER_PATH}/BMSAnalyticsAPI.framework",
				"${TARGET_BUILD_DIR}/${FRAMEWORKS_FOLDER_PATH}/BMSCore.framework",
				"${TARGET_BUILD_DIR}/${FRAMEWORKS_FOLDER_PATH}/IBMAppLaunch.framework",
				"${TARGET_BUILD_DIR}/${FRAMEWORKS_FOLDER_PATH}/SwiftyJSON.framework",
			);
			runOnlyForDeploymentPostprocessing = 0;
			shellPath = /bin/sh;
			shellScript = "\"${SRCROOT}/Pods/Target Support Files/Pods-AppLaunch Poll/Pods-AppLaunch Poll-frameworks.sh\"\n";
			showEnvVarsInLog = 0;
		};
		8C2F30DAB90D10E6BBD6F0D3 /* [CP] Copy Pods Resources */ = {
			isa = PBXShellScriptBuildPhase;
			buildActionMask = 2147483647;
			files = (
			);
			inputPaths = (
			);
			name = "[CP] Copy Pods Resources";
			outputPaths = (
			);
			runOnlyForDeploymentPostprocessing = 0;
			shellPath = /bin/sh;
			shellScript = "\"${SRCROOT}/Pods/Target Support Files/Pods-AppLaunch Poll/Pods-AppLaunch Poll-resources.sh\"\n";
			showEnvVarsInLog = 0;
		};
		F72FD1FCB4FAAA9E4B2E86D1 /* [CP] Check Pods Manifest.lock */ = {
			isa = PBXShellScriptBuildPhase;
			buildActionMask = 2147483647;
			files = (
			);
			inputPaths = (
				"${PODS_PODFILE_DIR_PATH}/Podfile.lock",
				"${PODS_ROOT}/Manifest.lock",
			);
			name = "[CP] Check Pods Manifest.lock";
			outputPaths = (
				"$(DERIVED_FILE_DIR)/Pods-AppLaunch Poll-checkManifestLockResult.txt",
			);
			runOnlyForDeploymentPostprocessing = 0;
			shellPath = /bin/sh;
			shellScript = "diff \"${PODS_PODFILE_DIR_PATH}/Podfile.lock\" \"${PODS_ROOT}/Manifest.lock\" > /dev/null\nif [ $? != 0 ] ; then\n    # print error to STDERR\n    echo \"error: The sandbox is not in sync with the Podfile.lock. Run 'pod install' or update your CocoaPods installation.\" >&2\n    exit 1\nfi\n# This output is used by Xcode 'outputs' to avoid re-running this script phase.\necho \"SUCCESS\" > \"${SCRIPT_OUTPUT_FILE_0}\"\n";
			showEnvVarsInLog = 0;
		};
/* End PBXShellScriptBuildPhase section */

/* Begin PBXSourcesBuildPhase section */
		C7D89056201F30F5003FC102 /* Sources */ = {
			isa = PBXSourcesBuildPhase;
			buildActionMask = 2147483647;
			files = (
				C7D89060201F30F5003FC102 /* ViewController.swift in Sources */,
				C7D8905E201F30F5003FC102 /* AppDelegate.swift in Sources */,
			);
			runOnlyForDeploymentPostprocessing = 0;
		};
/* End PBXSourcesBuildPhase section */

/* Begin PBXVariantGroup section */
		C7D89061201F30F5003FC102 /* Main.storyboard */ = {
			isa = PBXVariantGroup;
			children = (
				C7D89062201F30F5003FC102 /* Base */,
			);
			name = Main.storyboard;
			sourceTree = "<group>";
		};
		C7D89066201F30F5003FC102 /* LaunchScreen.storyboard */ = {
			isa = PBXVariantGroup;
			children = (
				C7D89067201F30F5003FC102 /* Base */,
			);
			name = LaunchScreen.storyboard;
			sourceTree = "<group>";
		};
/* End PBXVariantGroup section */

/* Begin XCBuildConfiguration section */
		C7D8906A201F30F5003FC102 /* Debug */ = {
			isa = XCBuildConfiguration;
			buildSettings = {
				ALWAYS_SEARCH_USER_PATHS = NO;
				CLANG_ANALYZER_NONNULL = YES;
				CLANG_ANALYZER_NUMBER_OBJECT_CONVERSION = YES_AGGRESSIVE;
				CLANG_CXX_LANGUAGE_STANDARD = "gnu++14";
				CLANG_CXX_LIBRARY = "libc++";
				CLANG_ENABLE_MODULES = YES;
				CLANG_ENABLE_OBJC_ARC = YES;
				CLANG_WARN_BLOCK_CAPTURE_AUTORELEASING = YES;
				CLANG_WARN_BOOL_CONVERSION = YES;
				CLANG_WARN_COMMA = YES;
				CLANG_WARN_CONSTANT_CONVERSION = YES;
				CLANG_WARN_DIRECT_OBJC_ISA_USAGE = YES_ERROR;
				CLANG_WARN_DOCUMENTATION_COMMENTS = YES;
				CLANG_WARN_EMPTY_BODY = YES;
				CLANG_WARN_ENUM_CONVERSION = YES;
				CLANG_WARN_INFINITE_RECURSION = YES;
				CLANG_WARN_INT_CONVERSION = YES;
				CLANG_WARN_NON_LITERAL_NULL_CONVERSION = YES;
				CLANG_WARN_OBJC_LITERAL_CONVERSION = YES;
				CLANG_WARN_OBJC_ROOT_CLASS = YES_ERROR;
				CLANG_WARN_RANGE_LOOP_ANALYSIS = YES;
				CLANG_WARN_STRICT_PROTOTYPES = YES;
				CLANG_WARN_SUSPICIOUS_MOVE = YES;
				CLANG_WARN_UNGUARDED_AVAILABILITY = YES_AGGRESSIVE;
				CLANG_WARN_UNREACHABLE_CODE = YES;
				CLANG_WARN__DUPLICATE_METHOD_MATCH = YES;
				CODE_SIGN_IDENTITY = "iPhone Developer";
				COPY_PHASE_STRIP = NO;
				DEBUG_INFORMATION_FORMAT = dwarf;
				ENABLE_STRICT_OBJC_MSGSEND = YES;
				ENABLE_TESTABILITY = YES;
				GCC_C_LANGUAGE_STANDARD = gnu11;
				GCC_DYNAMIC_NO_PIC = NO;
				GCC_NO_COMMON_BLOCKS = YES;
				GCC_OPTIMIZATION_LEVEL = 0;
				GCC_PREPROCESSOR_DEFINITIONS = (
					"DEBUG=1",
					"$(inherited)",
				);
				GCC_WARN_64_TO_32_BIT_CONVERSION = YES;
				GCC_WARN_ABOUT_RETURN_TYPE = YES_ERROR;
				GCC_WARN_UNDECLARED_SELECTOR = YES;
				GCC_WARN_UNINITIALIZED_AUTOS = YES_AGGRESSIVE;
				GCC_WARN_UNUSED_FUNCTION = YES;
				GCC_WARN_UNUSED_VARIABLE = YES;
				IPHONEOS_DEPLOYMENT_TARGET = 11.2;
				MTL_ENABLE_DEBUG_INFO = YES;
				ONLY_ACTIVE_ARCH = YES;
				SDKROOT = iphoneos;
				SWIFT_ACTIVE_COMPILATION_CONDITIONS = DEBUG;
				SWIFT_OPTIMIZATION_LEVEL = "-Onone";
			};
			name = Debug;
		};
		C7D8906B201F30F5003FC102 /* Release */ = {
			isa = XCBuildConfiguration;
			buildSettings = {
				ALWAYS_SEARCH_USER_PATHS = NO;
				CLANG_ANALYZER_NONNULL = YES;
				CLANG_ANALYZER_NUMBER_OBJECT_CONVERSION = YES_AGGRESSIVE;
				CLANG_CXX_LANGUAGE_STANDARD = "gnu++14";
				CLANG_CXX_LIBRARY = "libc++";
				CLANG_ENABLE_MODULES = YES;
				CLANG_ENABLE_OBJC_ARC = YES;
				CLANG_WARN_BLOCK_CAPTURE_AUTORELEASING = YES;
				CLANG_WARN_BOOL_CONVERSION = YES;
				CLANG_WARN_COMMA = YES;
				CLANG_WARN_CONSTANT_CONVERSION = YES;
				CLANG_WARN_DIRECT_OBJC_ISA_USAGE = YES_ERROR;
				CLANG_WARN_DOCUMENTATION_COMMENTS = YES;
				CLANG_WARN_EMPTY_BODY = YES;
				CLANG_WARN_ENUM_CONVERSION = YES;
				CLANG_WARN_INFINITE_RECURSION = YES;
				CLANG_WARN_INT_CONVERSION = YES;
				CLANG_WARN_NON_LITERAL_NULL_CONVERSION = YES;
				CLANG_WARN_OBJC_LITERAL_CONVERSION = YES;
				CLANG_WARN_OBJC_ROOT_CLASS = YES_ERROR;
				CLANG_WARN_RANGE_LOOP_ANALYSIS = YES;
				CLANG_WARN_STRICT_PROTOTYPES = YES;
				CLANG_WARN_SUSPICIOUS_MOVE = YES;
				CLANG_WARN_UNGUARDED_AVAILABILITY = YES_AGGRESSIVE;
				CLANG_WARN_UNREACHABLE_CODE = YES;
				CLANG_WARN__DUPLICATE_METHOD_MATCH = YES;
				CODE_SIGN_IDENTITY = "iPhone Developer";
				COPY_PHASE_STRIP = NO;
				DEBUG_INFORMATION_FORMAT = "dwarf-with-dsym";
				ENABLE_NS_ASSERTIONS = NO;
				ENABLE_STRICT_OBJC_MSGSEND = YES;
				GCC_C_LANGUAGE_STANDARD = gnu11;
				GCC_NO_COMMON_BLOCKS = YES;
				GCC_WARN_64_TO_32_BIT_CONVERSION = YES;
				GCC_WARN_ABOUT_RETURN_TYPE = YES_ERROR;
				GCC_WARN_UNDECLARED_SELECTOR = YES;
				GCC_WARN_UNINITIALIZED_AUTOS = YES_AGGRESSIVE;
				GCC_WARN_UNUSED_FUNCTION = YES;
				GCC_WARN_UNUSED_VARIABLE = YES;
				IPHONEOS_DEPLOYMENT_TARGET = 11.2;
				MTL_ENABLE_DEBUG_INFO = NO;
				SDKROOT = iphoneos;
				SWIFT_OPTIMIZATION_LEVEL = "-Owholemodule";
				VALIDATE_PRODUCT = YES;
			};
			name = Release;
		};
		C7D8906D201F30F5003FC102 /* Debug */ = {
			isa = XCBuildConfiguration;
			baseConfigurationReference = 31B6473F6DA5943380E4FD3C /* Pods-AppLaunch Poll.debug.xcconfig */;
			buildSettings = {
				ASSETCATALOG_COMPILER_APPICON_NAME = AppIcon;
				CODE_SIGN_STYLE = Automatic;
				DEVELOPMENT_TEAM = TN6YQNGLXP;
				INFOPLIST_FILE = "AppLaunch Poll/Info.plist";
				LD_RUNPATH_SEARCH_PATHS = "$(inherited) @executable_path/Frameworks";
				PRODUCT_BUNDLE_IDENTIFIER = com.ibm.applaunch.poll;
				PRODUCT_NAME = "$(TARGET_NAME)";
				SWIFT_VERSION = 4.0;
				TARGETED_DEVICE_FAMILY = "1,2";
			};
			name = Debug;
		};
		C7D8906E201F30F5003FC102 /* Release */ = {
			isa = XCBuildConfiguration;
			baseConfigurationReference = 6AA7DB8666C1B23B80C07DDB /* Pods-AppLaunch Poll.release.xcconfig */;
			buildSettings = {
				ASSETCATALOG_COMPILER_APPICON_NAME = AppIcon;
				CODE_SIGN_STYLE = Automatic;
				DEVELOPMENT_TEAM = TN6YQNGLXP;
				INFOPLIST_FILE = "AppLaunch Poll/Info.plist";
				LD_RUNPATH_SEARCH_PATHS = "$(inherited) @executable_path/Frameworks";
				PRODUCT_BUNDLE_IDENTIFIER = com.ibm.applaunch.poll;
				PRODUCT_NAME = "$(TARGET_NAME)";
				SWIFT_VERSION = 4.0;
				TARGETED_DEVICE_FAMILY = "1,2";
			};
			name = Release;
		};
/* End XCBuildConfiguration section */

/* Begin XCConfigurationList section */
		C7D89055201F30F5003FC102 /* Build configuration list for PBXProject "AppLaunch Poll" */ = {
			isa = XCConfigurationList;
			buildConfigurations = (
				C7D8906A201F30F5003FC102 /* Debug */,
				C7D8906B201F30F5003FC102 /* Release */,
			);
			defaultConfigurationIsVisible = 0;
			defaultConfigurationName = Release;
		};
		C7D8906C201F30F5003FC102 /* Build configuration list for PBXNativeTarget "AppLaunch Poll" */ = {
			isa = XCConfigurationList;
			buildConfigurations = (
				C7D8906D201F30F5003FC102 /* Debug */,
				C7D8906E201F30F5003FC102 /* Release */,
			);
			defaultConfigurationIsVisible = 0;
			defaultConfigurationName = Release;
		};
/* End XCConfigurationList section */
	};
	rootObject = C7D89052201F30F5003FC102 /* Project object */;
}
